{
  "name": "json-sort-diff",
  "version": "1.0.1",
  "lockfileVersion": 1,
  "requires": true,
  "dependencies": {
    "jsdifflib": {
      "version": "1.1.0",
      "resolved": "https://registry.npmjs.org/jsdifflib/-/jsdifflib-1.1.0.tgz",
      "integrity": "sha1-LY1UsqQ+z9aAdKveIlgtixK9q/M="
    },
    "jsonabc": {
      "version": "2.3.1",
      "resolved": "https://registry.npmjs.org/jsonabc/-/jsonabc-2.3.1.tgz",
      "integrity": "sha1-gAob0Vj7MKzitGE/hyWt/LBAv7Q="
    }
  }
}
